
Microsoft Visual Studio Solution File, Format Version 12.00
# Visual Studio Version 17
VisualStudioVersion = 17.0.32014.148
MinimumVisualStudioVersion = 10.0.40219.1
Project("{FAE04EC0-301F-11D3-BF4B-00C04F79EFBC}") = "Categorizar Cancer de Mama", "Categorizar Cancer de Mama\Categorizar Cancer de Mama.csproj", "{DD33520E-22F2-428E-81EE-E23C892A883C}"
EndProject
Global
	GlobalSection(SolutionConfigurationPlatforms) = preSolution
		Debug|Any CPU = Debug|Any CPU
		Release|Any CPU = Release|Any CPU
	EndGlobalSection
	GlobalSection(ProjectConfigurationPlatforms) = postSolution
		{DD33520E-22F2-428E-81EE-E23C892A883C}.Debug|Any CPU.ActiveCfg = Debug|Any CPU
		{DD33520E-22F2-428E-81EE-E23C892A883C}.Debug|Any CPU.Build.0 = Debug|Any CPU
		{DD33520E-22F2-428E-81EE-E23C892A883C}.Release|Any CPU.ActiveCfg = Release|Any CPU
		{DD33520E-22F2-428E-81EE-E23C892A883C}.Release|Any CPU.Build.0 = Release|Any CPU
	EndGlobalSection
	GlobalSection(SolutionProperties) = preSolution
		HideSolutionNode = FALSE
	EndGlobalSection
	GlobalSection(ExtensibilityGlobals) = postSolution
		SolutionGuid = {B2DF518C-CCBC-4B33-B8A0-AB7B623456C6}
	EndGlobalSection
EndGlobal
